
Microsoft Visual Studio Solution File, Format Version 12.00
# Visual Studio Version 17
VisualStudioVersion = 17.4.33213.308
MinimumVisualStudioVersion = 10.0.40219.1
Project("{FAE04EC0-301F-11D3-BF4B-00C04F79EFBC}") = "BlazorThree", "BlazorThree\BlazorThree.csproj", "{1887029A-1716-4E4D-BC38-760FBC7F48F9}"
EndProject
Global
	GlobalSection(SolutionConfigurationPlatforms) = preSolution
		Debug|Any CPU = Debug|Any CPU
		Release|Any CPU = Release|Any CPU
	EndGlobalSection
	GlobalSection(ProjectConfigurationPlatforms) = postSolution
		{1887029A-1716-4E4D-BC38-760FBC7F48F9}.Debug|Any CPU.ActiveCfg = Debug|Any CPU
		{1887029A-1716-4E4D-BC38-760FBC7F48F9}.Debug|Any CPU.Build.0 = Debug|Any CPU
		{1887029A-1716-4E4D-BC38-760FBC7F48F9}.Release|Any CPU.ActiveCfg = Release|Any CPU
		{1887029A-1716-4E4D-BC38-760FBC7F48F9}.Release|Any CPU.Build.0 = Release|Any CPU
	EndGlobalSection
	GlobalSection(SolutionProperties) = preSolution
		HideSolutionNode = FALSE
	EndGlobalSection
	GlobalSection(ExtensibilityGlobals) = postSolution
		SolutionGuid = {CD1AA031-1ABC-48BD-91A6-3018BFEEC137}
	EndGlobalSection
EndGlobal
